
Microsoft Visual Studio Solution File, Format Version 10.00
# Visual Studio 2008
Project("{FAE04EC0-301F-11D3-BF4B-00C04F79EFBC}") = "Just.Core", "Just.Core.csproj", "{03E72E99-1CED-4745-B370-32B6BAE0BC18}"
EndProject
Global
	GlobalSection(SolutionConfigurationPlatforms) = preSolution
		Debug|Any CPU = Debug|Any CPU
		Release|Any CPU = Release|Any CPU
	EndGlobalSection
	GlobalSection(ProjectConfigurationPlatforms) = postSolution
		{03E72E99-1CED-4745-B370-32B6BAE0BC18}.Debug|Any CPU.ActiveCfg = Debug|Any CPU
		{03E72E99-1CED-4745-B370-32B6BAE0BC18}.Debug|Any CPU.Build.0 = Debug|Any CPU
		{03E72E99-1CED-4745-B370-32B6BAE0BC18}.Release|Any CPU.ActiveCfg = Release|Any CPU
		{03E72E99-1CED-4745-B370-32B6BAE0BC18}.Release|Any CPU.Build.0 = Release|Any CPU
	EndGlobalSection
	GlobalSection(SolutionProperties) = preSolution
		HideSolutionNode = FALSE
	EndGlobalSection
EndGlobal
